
Microsoft Visual Studio Solution File, Format Version 12.00
# Visual Studio Version 17
VisualStudioVersion = 17.13.35931.197 d17.13
MinimumVisualStudioVersion = 10.0.40219.1
Project("{FAE04EC0-301F-11D3-BF4B-00C04F79EFBC}") = "eshop", "eshop\eshop.csproj", "{BE34E62A-2D42-41DD-A46D-E27B7341FD8A}"
EndProject
Global
	GlobalSection(SolutionConfigurationPlatforms) = preSolution
		Debug|Any CPU = Debug|Any CPU
		Release|Any CPU = Release|Any CPU
	EndGlobalSection
	GlobalSection(ProjectConfigurationPlatforms) = postSolution
		{BE34E62A-2D42-41DD-A46D-E27B7341FD8A}.Debug|Any CPU.ActiveCfg = Debug|Any CPU
		{BE34E62A-2D42-41DD-A46D-E27B7341FD8A}.Debug|Any CPU.Build.0 = Debug|Any CPU
		{BE34E62A-2D42-41DD-A46D-E27B7341FD8A}.Release|Any CPU.ActiveCfg = Release|Any CPU
		{BE34E62A-2D42-41DD-A46D-E27B7341FD8A}.Release|Any CPU.Build.0 = Release|Any CPU
	EndGlobalSection
	GlobalSection(SolutionProperties) = preSolution
		HideSolutionNode = FALSE
	EndGlobalSection
	GlobalSection(ExtensibilityGlobals) = postSolution
		SolutionGuid = {9A318D02-9FFE-40A4-AC23-F0D8BF7E0EC4}
	EndGlobalSection
EndGlobal
